// !$*UTF8*$!
{
	archiveVersion = 1;
	classes = {
	};
	objectVersion = 56;
	objects = {

/* Begin PBXBuildFile section */
		49639AAB2B3F19EA0032CC32 /* AppDelegate.swift in Sources */ = {isa = PBXBuildFile; fileRef = 49639AAA2B3F19EA0032CC32 /* AppDelegate.swift */; };
		49639AAD2B3F19EA0032CC32 /* SceneDelegate.swift in Sources */ = {isa = PBXBuildFile; fileRef = 49639AAC2B3F19EA0032CC32 /* SceneDelegate.swift */; };
		49639AAF2B3F19EA0032CC32 /* ViewController.swift in Sources */ = {isa = PBXBuildFile; fileRef = 49639AAE2B3F19EA0032CC32 /* ViewController.swift */; };
		49639AB42B3F19EB0032CC32 /* Assets.xcassets in Resources */ = {isa = PBXBuildFile; fileRef = 49639AB32B3F19EB0032CC32 /* Assets.xcassets */; };
		49639AB72B3F19EB0032CC32 /* LaunchScreen.storyboard in Resources */ = {isa = PBXBuildFile; fileRef = 49639AB52B3F19EB0032CC32 /* LaunchScreen.storyboard */; };
		49639ABF2B4034AB0032CC32 /* SearchVC.swift in Sources */ = {isa = PBXBuildFile; fileRef = 49639ABE2B4034AB0032CC32 /* SearchVC.swift */; };
		49639AC12B4034BD0032CC32 /* FavoritesListVC.swift in Sources */ = {isa = PBXBuildFile; fileRef = 49639AC02B4034BD0032CC32 /* FavoritesListVC.swift */; };
		49639AC32B4039B70032CC32 /* GFButton.swift in Sources */ = {isa = PBXBuildFile; fileRef = 49639AC22B4039B70032CC32 /* GFButton.swift */; };
		49639AC52B403D290032CC32 /* GFTextField.swift in Sources */ = {isa = PBXBuildFile; fileRef = 49639AC42B403D290032CC32 /* GFTextField.swift */; };
		49639AC82B40413E0032CC32 /* SnapKit in Frameworks */ = {isa = PBXBuildFile; productRef = 49639AC72B40413E0032CC32 /* SnapKit */; };
		49639ACA2B40413E0032CC32 /* SnapKit-Dynamic in Frameworks */ = {isa = PBXBuildFile; productRef = 49639AC92B40413E0032CC32 /* SnapKit-Dynamic */; };
		49639ACE2B42D1080032CC32 /* FollowerListVC.swift in Sources */ = {isa = PBXBuildFile; fileRef = 49639ACD2B42D1080032CC32 /* FollowerListVC.swift */; };
		49639AD22B42D5800032CC32 /* GFTitleLabel.swift in Sources */ = {isa = PBXBuildFile; fileRef = 49639AD12B42D5800032CC32 /* GFTitleLabel.swift */; };
		49639AD42B42D6BB0032CC32 /* GFBodyLabel.swift in Sources */ = {isa = PBXBuildFile; fileRef = 49639AD32B42D6BB0032CC32 /* GFBodyLabel.swift */; };
		49639AD82B42D77E0032CC32 /* GFAlertVC.swift in Sources */ = {isa = PBXBuildFile; fileRef = 49639AD72B42D77E0032CC32 /* GFAlertVC.swift */; };
		49639ADA2B42DCBD0032CC32 /* UIViewController+Ext.swift in Sources */ = {isa = PBXBuildFile; fileRef = 49639AD92B42DCBD0032CC32 /* UIViewController+Ext.swift */; };
		49639AE12B42E5760032CC32 /* Follower.swift in Sources */ = {isa = PBXBuildFile; fileRef = 49639AE02B42E5760032CC32 /* Follower.swift */; };
		49639AE32B42E63D0032CC32 /* User.swift in Sources */ = {isa = PBXBuildFile; fileRef = 49639AE22B42E63D0032CC32 /* User.swift */; };
		49639AE62B42EA960032CC32 /* NetworkManager.swift in Sources */ = {isa = PBXBuildFile; fileRef = 49639AE52B42EA960032CC32 /* NetworkManager.swift */; };
		49C6D1052B42F2A2002AE2E0 /* ErrorMessage.swift in Sources */ = {isa = PBXBuildFile; fileRef = 49C6D1042B42F2A2002AE2E0 /* ErrorMessage.swift */; };
		49C6D1082B42F6EF002AE2E0 /* FollowerCell.swift in Sources */ = {isa = PBXBuildFile; fileRef = 49C6D1072B42F6EF002AE2E0 /* FollowerCell.swift */; };
		49C6D10A2B42F76C002AE2E0 /* GFAvatarImageView.swift in Sources */ = {isa = PBXBuildFile; fileRef = 49C6D1092B42F76C002AE2E0 /* GFAvatarImageView.swift */; };
		49C6D10C2B432BBF002AE2E0 /* UIHelper.swift in Sources */ = {isa = PBXBuildFile; fileRef = 49C6D10B2B432BBF002AE2E0 /* UIHelper.swift */; };
		49C6D1142B441BC3002AE2E0 /* GFEmptyStateView.swift in Sources */ = {isa = PBXBuildFile; fileRef = 49C6D1132B441BC3002AE2E0 /* GFEmptyStateView.swift */; };
		49C6D1162B442439002AE2E0 /* UserInfoVC.swift in Sources */ = {isa = PBXBuildFile; fileRef = 49C6D1152B442439002AE2E0 /* UserInfoVC.swift */; };
		49C6D1182B442CDB002AE2E0 /* GFUserInfoHeaderVC.swift in Sources */ = {isa = PBXBuildFile; fileRef = 49C6D1172B442CDB002AE2E0 /* GFUserInfoHeaderVC.swift */; };
		49C6D11A2B442D3F002AE2E0 /* GFSecondaryTitleLabel.swift in Sources */ = {isa = PBXBuildFile; fileRef = 49C6D1192B442D3F002AE2E0 /* GFSecondaryTitleLabel.swift */; };
		49C6D11C2B443322002AE2E0 /* Constants.swift in Sources */ = {isa = PBXBuildFile; fileRef = 49C6D11B2B443322002AE2E0 /* Constants.swift */; };
		49C6D11E2B444052002AE2E0 /* GFItemInfoView.swift in Sources */ = {isa = PBXBuildFile; fileRef = 49C6D11D2B444052002AE2E0 /* GFItemInfoView.swift */; };
		49C6D1202B4444D3002AE2E0 /* GFItemInfoVC.swift in Sources */ = {isa = PBXBuildFile; fileRef = 49C6D11F2B4444D3002AE2E0 /* GFItemInfoVC.swift */; };
		49C6D1222B4446D4002AE2E0 /* GFRepoItemVC.swift in Sources */ = {isa = PBXBuildFile; fileRef = 49C6D1212B4446D4002AE2E0 /* GFRepoItemVC.swift */; };
		49C6D1242B446AB0002AE2E0 /* GHFollowerItemVC.swift in Sources */ = {isa = PBXBuildFile; fileRef = 49C6D1232B446AB0002AE2E0 /* GHFollowerItemVC.swift */; };
		49C6D1272B446DD1002AE2E0 /* Date+Ext.swift in Sources */ = {isa = PBXBuildFile; fileRef = 49C6D1262B446DD1002AE2E0 /* Date+Ext.swift */; };
		49C6D1292B446DEB002AE2E0 /* String+Ext.swift in Sources */ = {isa = PBXBuildFile; fileRef = 49C6D1282B446DEB002AE2E0 /* String+Ext.swift */; };
		49D548C82B46C850004B8EAA /* PersistenceManager.swift in Sources */ = {isa = PBXBuildFile; fileRef = 49D548C72B46C850004B8EAA /* PersistenceManager.swift */; };
		49D548CA2B481A34004B8EAA /* FavoriteCell.swift in Sources */ = {isa = PBXBuildFile; fileRef = 49D548C92B481A34004B8EAA /* FavoriteCell.swift */; };
		49D548CD2B48274C004B8EAA /* GFTabBarController.swift in Sources */ = {isa = PBXBuildFile; fileRef = 49D548CC2B48274C004B8EAA /* GFTabBarController.swift */; };
		49D548CF2B482CE4004B8EAA /* GFAlertContainerView.swift in Sources */ = {isa = PBXBuildFile; fileRef = 49D548CE2B482CE4004B8EAA /* GFAlertContainerView.swift */; };
		49D548D12B483279004B8EAA /* GFDataLoadingVC.swift in Sources */ = {isa = PBXBuildFile; fileRef = 49D548D02B483279004B8EAA /* GFDataLoadingVC.swift */; };
		49D548D32B483738004B8EAA /* UIView+Ext.swift in Sources */ = {isa = PBXBuildFile; fileRef = 49D548D22B483738004B8EAA /* UIView+Ext.swift */; };
/* End PBXBuildFile section */

/* Begin PBXFileReference section */
		49639AA72B3F19EA0032CC32 /* GHFollowers.app */ = {isa = PBXFileReference; explicitFileType = wrapper.application; includeInIndex = 0; path = GHFollowers.app; sourceTree = BUILT_PRODUCTS_DIR; };
		49639AAA2B3F19EA0032CC32 /* AppDelegate.swift */ = {isa = PBXFileReference; lastKnownFileType = sourcecode.swift; path = AppDelegate.swift; sourceTree = "<group>"; };
		49639AAC2B3F19EA0032CC32 /* SceneDelegate.swift */ = {isa = PBXFileReference; lastKnownFileType = sourcecode.swift; path = SceneDelegate.swift; sourceTree = "<group>"; };
		49639AAE2B3F19EA0032CC32 /* ViewController.swift */ = {isa = PBXFileReference; lastKnownFileType = sourcecode.swift; path = ViewController.swift; sourceTree = "<group>"; };
		49639AB32B3F19EB0032CC32 /* Assets.xcassets */ = {isa = PBXFileReference; lastKnownFileType = folder.assetcatalog; path = Assets.xcassets; sourceTree = "<group>"; };
		49639AB62B3F19EB0032CC32 /* Base */ = {isa = PBXFileReference; lastKnownFileType = file.storyboard; name = Base; path = Base.lproj/LaunchScreen.storyboard; sourceTree = "<group>"; };
		49639AB82B3F19EB0032CC32 /* Info.plist */ = {isa = PBXFileReference; lastKnownFileType = text.plist.xml; path = Info.plist; sourceTree = "<group>"; };
		49639ABE2B4034AB0032CC32 /* SearchVC.swift */ = {isa = PBXFileReference; lastKnownFileType = sourcecode.swift; path = SearchVC.swift; sourceTree = "<group>"; };
		49639AC02B4034BD0032CC32 /* FavoritesListVC.swift */ = {isa = PBXFileReference; lastKnownFileType = sourcecode.swift; path = FavoritesListVC.swift; sourceTree = "<group>"; };
		49639AC22B4039B70032CC32 /* GFButton.swift */ = {isa = PBXFileReference; lastKnownFileType = sourcecode.swift; path = GFButton.swift; sourceTree = "<group>"; };
		49639AC42B403D290032CC32 /* GFTextField.swift */ = {isa = PBXFileReference; lastKnownFileType = sourcecode.swift; path = GFTextField.swift; sourceTree = "<group>"; };
		49639ACD2B42D1080032CC32 /* FollowerListVC.swift */ = {isa = PBXFileReference; lastKnownFileType = sourcecode.swift; path = FollowerListVC.swift; sourceTree = "<group>"; };
		49639AD12B42D5800032CC32 /* GFTitleLabel.swift */ = {isa = PBXFileReference; lastKnownFileType = sourcecode.swift; path = GFTitleLabel.swift; sourceTree = "<group>"; };
		49639AD32B42D6BB0032CC32 /* GFBodyLabel.swift */ = {isa = PBXFileReference; lastKnownFileType = sourcecode.swift; path = GFBodyLabel.swift; sourceTree = "<group>"; };
		49639AD72B42D77E0032CC32 /* GFAlertVC.swift */ = {isa = PBXFileReference; lastKnownFileType = sourcecode.swift; path = GFAlertVC.swift; sourceTree = "<group>"; };
		49639AD92B42DCBD0032CC32 /* UIViewController+Ext.swift */ = {isa = PBXFileReference; lastKnownFileType = sourcecode.swift; path = "UIViewController+Ext.swift"; sourceTree = "<group>"; };
		49639AE02B42E5760032CC32 /* Follower.swift */ = {isa = PBXFileReference; lastKnownFileType = sourcecode.swift; path = Follower.swift; sourceTree = "<group>"; };
		49639AE22B42E63D0032CC32 /* User.swift */ = {isa = PBXFileReference; lastKnownFileType = sourcecode.swift; path = User.swift; sourceTree = "<group>"; };
		49639AE52B42EA960032CC32 /* NetworkManager.swift */ = {isa = PBXFileReference; lastKnownFileType = sourcecode.swift; path = NetworkManager.swift; sourceTree = "<group>"; };
		49C6D1042B42F2A2002AE2E0 /* ErrorMessage.swift */ = {isa = PBXFileReference; lastKnownFileType = sourcecode.swift; path = ErrorMessage.swift; sourceTree = "<group>"; };
		49C6D1072B42F6EF002AE2E0 /* FollowerCell.swift */ = {isa = PBXFileReference; lastKnownFileType = sourcecode.swift; path = FollowerCell.swift; sourceTree = "<group>"; };
		49C6D1092B42F76C002AE2E0 /* GFAvatarImageView.swift */ = {isa = PBXFileReference; lastKnownFileType = sourcecode.swift; path = GFAvatarImageView.swift; sourceTree = "<group>"; };
		49C6D10B2B432BBF002AE2E0 /* UIHelper.swift */ = {isa = PBXFileReference; lastKnownFileType = sourcecode.swift; path = UIHelper.swift; sourceTree = "<group>"; };
		49C6D1132B441BC3002AE2E0 /* GFEmptyStateView.swift */ = {isa = PBXFileReference; lastKnownFileType = sourcecode.swift; path = GFEmptyStateView.swift; sourceTree = "<group>"; };
		49C6D1152B442439002AE2E0 /* UserInfoVC.swift */ = {isa = PBXFileReference; lastKnownFileType = sourcecode.swift; path = UserInfoVC.swift; sourceTree = "<group>"; };
		49C6D1172B442CDB002AE2E0 /* GFUserInfoHeaderVC.swift */ = {isa = PBXFileReference; lastKnownFileType = sourcecode.swift; path = GFUserInfoHeaderVC.swift; sourceTree = "<group>"; };
		49C6D1192B442D3F002AE2E0 /* GFSecondaryTitleLabel.swift */ = {isa = PBXFileReference; lastKnownFileType = sourcecode.swift; path = GFSecondaryTitleLabel.swift; sourceTree = "<group>"; };
		49C6D11B2B443322002AE2E0 /* Constants.swift */ = {isa = PBXFileReference; lastKnownFileType = sourcecode.swift; path = Constants.swift; sourceTree = "<group>"; };
		49C6D11D2B444052002AE2E0 /* GFItemInfoView.swift */ = {isa = PBXFileReference; lastKnownFileType = sourcecode.swift; path = GFItemInfoView.swift; sourceTree = "<group>"; };
		49C6D11F2B4444D3002AE2E0 /* GFItemInfoVC.swift */ = {isa = PBXFileReference; lastKnownFileType = sourcecode.swift; path = GFItemInfoVC.swift; sourceTree = "<group>"; };
		49C6D1212B4446D4002AE2E0 /* GFRepoItemVC.swift */ = {isa = PBXFileReference; lastKnownFileType = sourcecode.swift; path = GFRepoItemVC.swift; sourceTree = "<group>"; };
		49C6D1232B446AB0002AE2E0 /* GHFollowerItemVC.swift */ = {isa = PBXFileReference; lastKnownFileType = sourcecode.swift; path = GHFollowerItemVC.swift; sourceTree = "<group>"; };
		49C6D1262B446DD1002AE2E0 /* Date+Ext.swift */ = {isa = PBXFileReference; lastKnownFileType = sourcecode.swift; path = "Date+Ext.swift"; sourceTree = "<group>"; };
		49C6D1282B446DEB002AE2E0 /* String+Ext.swift */ = {isa = PBXFileReference; lastKnownFileType = sourcecode.swift; path = "String+Ext.swift"; sourceTree = "<group>"; };
		49D548C72B46C850004B8EAA /* PersistenceManager.swift */ = {isa = PBXFileReference; lastKnownFileType = sourcecode.swift; path = PersistenceManager.swift; sourceTree = "<group>"; };
		49D548C92B481A34004B8EAA /* FavoriteCell.swift */ = {isa = PBXFileReference; lastKnownFileType = sourcecode.swift; path = FavoriteCell.swift; sourceTree = "<group>"; };
		49D548CC2B48274C004B8EAA /* GFTabBarController.swift */ = {isa = PBXFileReference; lastKnownFileType = sourcecode.swift; path = GFTabBarController.swift; sourceTree = "<group>"; };
		49D548CE2B482CE4004B8EAA /* GFAlertContainerView.swift */ = {isa = PBXFileReference; lastKnownFileType = sourcecode.swift; path = GFAlertContainerView.swift; sourceTree = "<group>"; };
		49D548D02B483279004B8EAA /* GFDataLoadingVC.swift */ = {isa = PBXFileReference; lastKnownFileType = sourcecode.swift; path = GFDataLoadingVC.swift; sourceTree = "<group>"; };
		49D548D22B483738004B8EAA /* UIView+Ext.swift */ = {isa = PBXFileReference; lastKnownFileType = sourcecode.swift; path = "UIView+Ext.swift"; sourceTree = "<group>"; };
/* End PBXFileReference section */

/* Begin PBXFrameworksBuildPhase section */
		49639AA42B3F19EA0032CC32 /* Frameworks */ = {
			isa = PBXFrameworksBuildPhase;
			buildActionMask = 2147483647;
			files = (
				49639AC82B40413E0032CC32 /* SnapKit in Frameworks */,
				49639ACA2B40413E0032CC32 /* SnapKit-Dynamic in Frameworks */,
			);
			runOnlyForDeploymentPostprocessing = 0;
		};
/* End PBXFrameworksBuildPhase section */

/* Begin PBXGroup section */
		49639A9E2B3F19EA0032CC32 = {
			isa = PBXGroup;
			children = (
				49639AA92B3F19EA0032CC32 /* GHFollowers */,
				49639AA82B3F19EA0032CC32 /* Products */,
			);
			sourceTree = "<group>";
		};
		49639AA82B3F19EA0032CC32 /* Products */ = {
			isa = PBXGroup;
			children = (
				49639AA72B3F19EA0032CC32 /* GHFollowers.app */,
			);
			name = Products;
			sourceTree = "<group>";
		};
		49639AA92B3F19EA0032CC32 /* GHFollowers */ = {
			isa = PBXGroup;
			children = (
				49C6D1032B42F294002AE2E0 /* Utilities */,
				49639AE42B42EA7F0032CC32 /* Managers */,
				49639AB82B3F19EB0032CC32 /* Info.plist */,
				49639ADF2B42E5670032CC32 /* Model */,
				49639ADE2B42E2200032CC32 /* Support */,
				49639ADD2B42E1C10032CC32 /* Extensions */,
				49639ADC2B42E1980032CC32 /* CustomViews */,
				49639ADB2B42E1450032CC32 /* Screens */,
			);
			path = GHFollowers;
			sourceTree = "<group>";
		};
		49639ADB2B42E1450032CC32 /* Screens */ = {
			isa = PBXGroup;
			children = (
				49639ACD2B42D1080032CC32 /* FollowerListVC.swift */,
				49639AC02B4034BD0032CC32 /* FavoritesListVC.swift */,
				49639ABE2B4034AB0032CC32 /* SearchVC.swift */,
				49C6D1152B442439002AE2E0 /* UserInfoVC.swift */,
			);
			path = Screens;
			sourceTree = "<group>";
		};
		49639ADC2B42E1980032CC32 /* CustomViews */ = {
			isa = PBXGroup;
			children = (
				49D548CB2B482738004B8EAA /* TabBarController */,
				49C6D1122B441BA0002AE2E0 /* Labels */,
				49C6D1112B441B90002AE2E0 /* ViewControllers */,
				49C6D1102B441B86002AE2E0 /* ImageViews */,
				49C6D10F2B441B7F002AE2E0 /* TextFields */,
				49C6D10E2B441B7A002AE2E0 /* Buttons */,
				49C6D10D2B441B71002AE2E0 /* Views */,
				49C6D1062B42F6CE002AE2E0 /* Cells */,
			);
			path = CustomViews;
			sourceTree = "<group>";
		};
		49639ADD2B42E1C10032CC32 /* Extensions */ = {
			isa = PBXGroup;
			children = (
				49639AD92B42DCBD0032CC32 /* UIViewController+Ext.swift */,
				49C6D1262B446DD1002AE2E0 /* Date+Ext.swift */,
				49C6D1282B446DEB002AE2E0 /* String+Ext.swift */,
				49D548D22B483738004B8EAA /* UIView+Ext.swift */,
			);
			path = Extensions;
			sourceTree = "<group>";
		};
		49639ADE2B42E2200032CC32 /* Support */ = {
			isa = PBXGroup;
			children = (
				49639AAA2B3F19EA0032CC32 /* AppDelegate.swift */,
				49639AAC2B3F19EA0032CC32 /* SceneDelegate.swift */,
				49639AAE2B3F19EA0032CC32 /* ViewController.swift */,
				49639AB32B3F19EB0032CC32 /* Assets.xcassets */,
				49639AB52B3F19EB0032CC32 /* LaunchScreen.storyboard */,
			);
			path = Support;
			sourceTree = "<group>";
		};
		49639ADF2B42E5670032CC32 /* Model */ = {
			isa = PBXGroup;
			children = (
				49639AE02B42E5760032CC32 /* Follower.swift */,
				49639AE22B42E63D0032CC32 /* User.swift */,
			);
			path = Model;
			sourceTree = "<group>";
		};
		49639AE42B42EA7F0032CC32 /* Managers */ = {
			isa = PBXGroup;
			children = (
				49639AE52B42EA960032CC32 /* NetworkManager.swift */,
				49D548C72B46C850004B8EAA /* PersistenceManager.swift */,
			);
			path = Managers;
			sourceTree = "<group>";
		};
		49C6D1032B42F294002AE2E0 /* Utilities */ = {
			isa = PBXGroup;
			children = (
				49C6D1042B42F2A2002AE2E0 /* ErrorMessage.swift */,
				49C6D10B2B432BBF002AE2E0 /* UIHelper.swift */,
				49C6D11B2B443322002AE2E0 /* Constants.swift */,
			);
			path = Utilities;
			sourceTree = "<group>";
		};
		49C6D1062B42F6CE002AE2E0 /* Cells */ = {
			isa = PBXGroup;
			children = (
				49C6D1072B42F6EF002AE2E0 /* FollowerCell.swift */,
				49D548C92B481A34004B8EAA /* FavoriteCell.swift */,
			);
			path = Cells;
			sourceTree = "<group>";
		};
		49C6D10D2B441B71002AE2E0 /* Views */ = {
			isa = PBXGroup;
			children = (
				49D548CE2B482CE4004B8EAA /* GFAlertContainerView.swift */,
				49C6D1132B441BC3002AE2E0 /* GFEmptyStateView.swift */,
				49C6D11D2B444052002AE2E0 /* GFItemInfoView.swift */,
			);
			path = Views;
			sourceTree = "<group>";
		};
		49C6D10E2B441B7A002AE2E0 /* Buttons */ = {
			isa = PBXGroup;
			children = (
				49639AC22B4039B70032CC32 /* GFButton.swift */,
			);
			path = Buttons;
			sourceTree = "<group>";
		};
		49C6D10F2B441B7F002AE2E0 /* TextFields */ = {
			isa = PBXGroup;
			children = (
				49639AC42B403D290032CC32 /* GFTextField.swift */,
			);
			path = TextFields;
			sourceTree = "<group>";
		};
		49C6D1102B441B86002AE2E0 /* ImageViews */ = {
			isa = PBXGroup;
			children = (
				49C6D1092B42F76C002AE2E0 /* GFAvatarImageView.swift */,
			);
			path = ImageViews;
			sourceTree = "<group>";
		};
		49C6D1112B441B90002AE2E0 /* ViewControllers */ = {
			isa = PBXGroup;
			children = (
				49C6D1252B446AFE002AE2E0 /* ItemInfoVC */,
				49639AD72B42D77E0032CC32 /* GFAlertVC.swift */,
				49C6D1172B442CDB002AE2E0 /* GFUserInfoHeaderVC.swift */,
				49D548D02B483279004B8EAA /* GFDataLoadingVC.swift */,
			);
			path = ViewControllers;
			sourceTree = "<group>";
		};
		49C6D1122B441BA0002AE2E0 /* Labels */ = {
			isa = PBXGroup;
			children = (
				49639AD12B42D5800032CC32 /* GFTitleLabel.swift */,
				49639AD32B42D6BB0032CC32 /* GFBodyLabel.swift */,
				49C6D1192B442D3F002AE2E0 /* GFSecondaryTitleLabel.swift */,
			);
			path = Labels;
			sourceTree = "<group>";
		};
		49C6D1252B446AFE002AE2E0 /* ItemInfoVC */ = {
			isa = PBXGroup;
			children = (
				49C6D11F2B4444D3002AE2E0 /* GFItemInfoVC.swift */,
				49C6D1212B4446D4002AE2E0 /* GFRepoItemVC.swift */,
				49C6D1232B446AB0002AE2E0 /* GHFollowerItemVC.swift */,
			);
			path = ItemInfoVC;
			sourceTree = "<group>";
		};
		49D548CB2B482738004B8EAA /* TabBarController */ = {
			isa = PBXGroup;
			children = (
				49D548CC2B48274C004B8EAA /* GFTabBarController.swift */,
			);
			path = TabBarController;
			sourceTree = "<group>";
		};
/* End PBXGroup section */

/* Begin PBXNativeTarget section */
		49639AA62B3F19EA0032CC32 /* GHFollowers */ = {
			isa = PBXNativeTarget;
			buildConfigurationList = 49639ABB2B3F19EB0032CC32 /* Build configuration list for PBXNativeTarget "GHFollowers" */;
			buildPhases = (
				49639AA32B3F19EA0032CC32 /* Sources */,
				49639AA42B3F19EA0032CC32 /* Frameworks */,
				49639AA52B3F19EA0032CC32 /* Resources */,
			);
			buildRules = (
			);
			dependencies = (
			);
			name = GHFollowers;
			packageProductDependencies = (
				49639AC72B40413E0032CC32 /* SnapKit */,
				49639AC92B40413E0032CC32 /* SnapKit-Dynamic */,
			);
			productName = GHFollowers;
			productReference = 49639AA72B3F19EA0032CC32 /* GHFollowers.app */;
			productType = "com.apple.product-type.application";
		};
/* End PBXNativeTarget section */

/* Begin PBXProject section */
		49639A9F2B3F19EA0032CC32 /* Project object */ = {
			isa = PBXProject;
			attributes = {
				BuildIndependentTargetsInParallel = 1;
				LastSwiftUpdateCheck = 1510;
				LastUpgradeCheck = 1510;
				TargetAttributes = {
					49639AA62B3F19EA0032CC32 = {
						CreatedOnToolsVersion = 15.1;
					};
				};
			};
			buildConfigurationList = 49639AA22B3F19EA0032CC32 /* Build configuration list for PBXProject "GHFollowers" */;
			compatibilityVersion = "Xcode 14.0";
			developmentRegion = en;
			hasScannedForEncodings = 0;
			knownRegions = (
				en,
				Base,
			);
			mainGroup = 49639A9E2B3F19EA0032CC32;
			packageReferences = (
				49639AC62B40413E0032CC32 /* XCRemoteSwiftPackageReference "SnapKit" */,
			);
			productRefGroup = 49639AA82B3F19EA0032CC32 /* Products */;
			projectDirPath = "";
			projectRoot = "";
			targets = (
				49639AA62B3F19EA0032CC32 /* GHFollowers */,
			);
		};
/* End PBXProject section */

/* Begin PBXResourcesBuildPhase section */
		49639AA52B3F19EA0032CC32 /* Resources */ = {
			isa = PBXResourcesBuildPhase;
			buildActionMask = 2147483647;
			files = (
				49639AB72B3F19EB0032CC32 /* LaunchScreen.storyboard in Resources */,
				49639AB42B3F19EB0032CC32 /* Assets.xcassets in Resources */,
			);
			runOnlyForDeploymentPostprocessing = 0;
		};
/* End PBXResourcesBuildPhase section */

/* Begin PBXSourcesBuildPhase section */
		49639AA32B3F19EA0032CC32 /* Sources */ = {
			isa = PBXSourcesBuildPhase;
			buildActionMask = 2147483647;
			files = (
				49D548CD2B48274C004B8EAA /* GFTabBarController.swift in Sources */,
				49639ABF2B4034AB0032CC32 /* SearchVC.swift in Sources */,
				49639AAF2B3F19EA0032CC32 /* ViewController.swift in Sources */,
				49639ADA2B42DCBD0032CC32 /* UIViewController+Ext.swift in Sources */,
				49C6D1182B442CDB002AE2E0 /* GFUserInfoHeaderVC.swift in Sources */,
				49639AC32B4039B70032CC32 /* GFButton.swift in Sources */,
				49639AC12B4034BD0032CC32 /* FavoritesListVC.swift in Sources */,
				49C6D1142B441BC3002AE2E0 /* GFEmptyStateView.swift in Sources */,
				49C6D11A2B442D3F002AE2E0 /* GFSecondaryTitleLabel.swift in Sources */,
				49639AAB2B3F19EA0032CC32 /* AppDelegate.swift in Sources */,
				49639AE32B42E63D0032CC32 /* User.swift in Sources */,
				49C6D1082B42F6EF002AE2E0 /* FollowerCell.swift in Sources */,
				49639AD82B42D77E0032CC32 /* GFAlertVC.swift in Sources */,
				49D548C82B46C850004B8EAA /* PersistenceManager.swift in Sources */,
				49D548CA2B481A34004B8EAA /* FavoriteCell.swift in Sources */,
				49C6D1222B4446D4002AE2E0 /* GFRepoItemVC.swift in Sources */,
				49D548CF2B482CE4004B8EAA /* GFAlertContainerView.swift in Sources */,
				49639AE12B42E5760032CC32 /* Follower.swift in Sources */,
				49C6D1242B446AB0002AE2E0 /* GHFollowerItemVC.swift in Sources */,
				49C6D1162B442439002AE2E0 /* UserInfoVC.swift in Sources */,
				49C6D10A2B42F76C002AE2E0 /* GFAvatarImageView.swift in Sources */,
				49639AAD2B3F19EA0032CC32 /* SceneDelegate.swift in Sources */,
				49C6D1292B446DEB002AE2E0 /* String+Ext.swift in Sources */,
				49D548D12B483279004B8EAA /* GFDataLoadingVC.swift in Sources */,
				49639AD22B42D5800032CC32 /* GFTitleLabel.swift in Sources */,
				49639ACE2B42D1080032CC32 /* FollowerListVC.swift in Sources */,
				49C6D1202B4444D3002AE2E0 /* GFItemInfoVC.swift in Sources */,
				49C6D1052B42F2A2002AE2E0 /* ErrorMessage.swift in Sources */,
				49C6D10C2B432BBF002AE2E0 /* UIHelper.swift in Sources */,
				49C6D1272B446DD1002AE2E0 /* Date+Ext.swift in Sources */,
				49639AE62B42EA960032CC32 /* NetworkManager.swift in Sources */,
				49639AC52B403D290032CC32 /* GFTextField.swift in Sources */,
				49D548D32B483738004B8EAA /* UIView+Ext.swift in Sources */,
				49C6D11E2B444052002AE2E0 /* GFItemInfoView.swift in Sources */,
				49639AD42B42D6BB0032CC32 /* GFBodyLabel.swift in Sources */,
				49C6D11C2B443322002AE2E0 /* Constants.swift in Sources */,
			);
			runOnlyForDeploymentPostprocessing = 0;
		};
/* End PBXSourcesBuildPhase section */

/* Begin PBXVariantGroup section */
		49639AB52B3F19EB0032CC32 /* LaunchScreen.storyboard */ = {
			isa = PBXVariantGroup;
			children = (
				49639AB62B3F19EB0032CC32 /* Base */,
			);
			name = LaunchScreen.storyboard;
			sourceTree = "<group>";
		};
/* End PBXVariantGroup section */

/* Begin XCBuildConfiguration section */
		49639AB92B3F19EB0032CC32 /* Debug */ = {
			isa = XCBuildConfiguration;
			buildSettings = {
				ALWAYS_SEARCH_USER_PATHS = NO;
				ASSETCATALOG_COMPILER_GENERATE_SWIFT_ASSET_SYMBOL_EXTENSIONS = YES;
				CLANG_ANALYZER_NONNULL = YES;
				CLANG_ANALYZER_NUMBER_OBJECT_CONVERSION = YES_AGGRESSIVE;
				CLANG_CXX_LANGUAGE_STANDARD = "gnu++20";
				CLANG_ENABLE_MODULES = YES;
				CLANG_ENABLE_OBJC_ARC = YES;
				CLANG_ENABLE_OBJC_WEAK = YES;
				CLANG_WARN_BLOCK_CAPTURE_AUTORELEASING = YES;
				CLANG_WARN_BOOL_CONVERSION = YES;
				CLANG_WARN_COMMA = YES;
				CLANG_WARN_CONSTANT_CONVERSION = YES;
				CLANG_WARN_DEPRECATED_OBJC_IMPLEMENTATIONS = YES;
				CLANG_WARN_DIRECT_OBJC_ISA_USAGE = YES_ERROR;
				CLANG_WARN_DOCUMENTATION_COMMENTS = YES;
				CLANG_WARN_EMPTY_BODY = YES;
				CLANG_WARN_ENUM_CONVERSION = YES;
				CLANG_WARN_INFINITE_RECURSION = YES;
				CLANG_WARN_INT_CONVERSION = YES;
				CLANG_WARN_NON_LITERAL_NULL_CONVERSION = YES;
				CLANG_WARN_OBJC_IMPLICIT_RETAIN_SELF = YES;
				CLANG_WARN_OBJC_LITERAL_CONVERSION = YES;
				CLANG_WARN_OBJC_ROOT_CLASS = YES_ERROR;
				CLANG_WARN_QUOTED_INCLUDE_IN_FRAMEWORK_HEADER = YES;
				CLANG_WARN_RANGE_LOOP_ANALYSIS = YES;
				CLANG_WARN_STRICT_PROTOTYPES = YES;
				CLANG_WARN_SUSPICIOUS_MOVE = YES;
				CLANG_WARN_UNGUARDED_AVAILABILITY = YES_AGGRESSIVE;
				CLANG_WARN_UNREACHABLE_CODE = YES;
				CLANG_WARN__DUPLICATE_METHOD_MATCH = YES;
				COPY_PHASE_STRIP = NO;
				DEBUG_INFORMATION_FORMAT = dwarf;
				ENABLE_STRICT_OBJC_MSGSEND = YES;
				ENABLE_TESTABILITY = YES;
				ENABLE_USER_SCRIPT_SANDBOXING = YES;
				GCC_C_LANGUAGE_STANDARD = gnu17;
				GCC_DYNAMIC_NO_PIC = NO;
				GCC_NO_COMMON_BLOCKS = YES;
				GCC_OPTIMIZATION_LEVEL = 0;
				GCC_PREPROCESSOR_DEFINITIONS = (
					"DEBUG=1",
					"$(inherited)",
				);
				GCC_WARN_64_TO_32_BIT_CONVERSION = YES;
				GCC_WARN_ABOUT_RETURN_TYPE = YES_ERROR;
				GCC_WARN_UNDECLARED_SELECTOR = YES;
				GCC_WARN_UNINITIALIZED_AUTOS = YES_AGGRESSIVE;
				GCC_WARN_UNUSED_FUNCTION = YES;
				GCC_WARN_UNUSED_VARIABLE = YES;
				IPHONEOS_DEPLOYMENT_TARGET = 17.2;
				LOCALIZATION_PREFERS_STRING_CATALOGS = YES;
				MTL_ENABLE_DEBUG_INFO = INCLUDE_SOURCE;
				MTL_FAST_MATH = YES;
				ONLY_ACTIVE_ARCH = YES;
				SDKROOT = iphoneos;
				SWIFT_ACTIVE_COMPILATION_CONDITIONS = "DEBUG $(inherited)";
				SWIFT_OPTIMIZATION_LEVEL = "-Onone";
			};
			name = Debug;
		};
		49639ABA2B3F19EB0032CC32 /* Release */ = {
			isa = XCBuildConfiguration;
			buildSettings = {
				ALWAYS_SEARCH_USER_PATHS = NO;
				ASSETCATALOG_COMPILER_GENERATE_SWIFT_ASSET_SYMBOL_EXTENSIONS = YES;
				CLANG_ANALYZER_NONNULL = YES;
				CLANG_ANALYZER_NUMBER_OBJECT_CONVERSION = YES_AGGRESSIVE;
				CLANG_CXX_LANGUAGE_STANDARD = "gnu++20";
				CLANG_ENABLE_MODULES = YES;
				CLANG_ENABLE_OBJC_ARC = YES;
				CLANG_ENABLE_OBJC_WEAK = YES;
				CLANG_WARN_BLOCK_CAPTURE_AUTORELEASING = YES;
				CLANG_WARN_BOOL_CONVERSION = YES;
				CLANG_WARN_COMMA = YES;
				CLANG_WARN_CONSTANT_CONVERSION = YES;
				CLANG_WARN_DEPRECATED_OBJC_IMPLEMENTATIONS = YES;
				CLANG_WARN_DIRECT_OBJC_ISA_USAGE = YES_ERROR;
				CLANG_WARN_DOCUMENTATION_COMMENTS = YES;
				CLANG_WARN_EMPTY_BODY = YES;
				CLANG_WARN_ENUM_CONVERSION = YES;
				CLANG_WARN_INFINITE_RECURSION = YES;
				CLANG_WARN_INT_CONVERSION = YES;
				CLANG_WARN_NON_LITERAL_NULL_CONVERSION = YES;
				CLANG_WARN_OBJC_IMPLICIT_RETAIN_SELF = YES;
				CLANG_WARN_OBJC_LITERAL_CONVERSION = YES;
				CLANG_WARN_OBJC_ROOT_CLASS = YES_ERROR;
				CLANG_WARN_QUOTED_INCLUDE_IN_FRAMEWORK_HEADER = YES;
				CLANG_WARN_RANGE_LOOP_ANALYSIS = YES;
				CLANG_WARN_STRICT_PROTOTYPES = YES;
				CLANG_WARN_SUSPICIOUS_MOVE = YES;
				CLANG_WARN_UNGUARDED_AVAILABILITY = YES_AGGRESSIVE;
				CLANG_WARN_UNREACHABLE_CODE = YES;
				CLANG_WARN__DUPLICATE_METHOD_MATCH = YES;
				COPY_PHASE_STRIP = NO;
				DEBUG_INFORMATION_FORMAT = "dwarf-with-dsym";
				ENABLE_NS_ASSERTIONS = NO;
				ENABLE_STRICT_OBJC_MSGSEND = YES;
				ENABLE_USER_SCRIPT_SANDBOXING = YES;
				GCC_C_LANGUAGE_STANDARD = gnu17;
				GCC_NO_COMMON_BLOCKS = YES;
				GCC_WARN_64_TO_32_BIT_CONVERSION = YES;
				GCC_WARN_ABOUT_RETURN_TYPE = YES_ERROR;
				GCC_WARN_UNDECLARED_SELECTOR = YES;
				GCC_WARN_UNINITIALIZED_AUTOS = YES_AGGRESSIVE;
				GCC_WARN_UNUSED_FUNCTION = YES;
				GCC_WARN_UNUSED_VARIABLE = YES;
				IPHONEOS_DEPLOYMENT_TARGET = 17.2;
				LOCALIZATION_PREFERS_STRING_CATALOGS = YES;
				MTL_ENABLE_DEBUG_INFO = NO;
				MTL_FAST_MATH = YES;
				SDKROOT = iphoneos;
				SWIFT_COMPILATION_MODE = wholemodule;
				VALIDATE_PRODUCT = YES;
			};
			name = Release;
		};
		49639ABC2B3F19EB0032CC32 /* Debug */ = {
			isa = XCBuildConfiguration;
			buildSettings = {
				ASSETCATALOG_COMPILER_APPICON_NAME = AppIcon;
				ASSETCATALOG_COMPILER_GLOBAL_ACCENT_COLOR_NAME = AccentColor;
				CODE_SIGN_STYLE = Automatic;
				CURRENT_PROJECT_VERSION = 1;
				DEVELOPMENT_TEAM = 9T7P7L9G6Z;
				GENERATE_INFOPLIST_FILE = YES;
				INFOPLIST_FILE = GHFollowers/Info.plist;
				INFOPLIST_KEY_LSApplicationCategoryType = "";
				INFOPLIST_KEY_UIApplicationSupportsIndirectInputEvents = YES;
				INFOPLIST_KEY_UILaunchStoryboardName = LaunchScreen;
				INFOPLIST_KEY_UISupportedInterfaceOrientations = "UIInterfaceOrientationLandscapeLeft UIInterfaceOrientationLandscapeRight UIInterfaceOrientationPortrait";
				INFOPLIST_KEY_UISupportedInterfaceOrientations_iPad = "UIInterfaceOrientationPortrait UIInterfaceOrientationPortraitUpsideDown";
				IPHONEOS_DEPLOYMENT_TARGET = 13.2;
				LD_RUNPATH_SEARCH_PATHS = (
					"$(inherited)",
					"@executable_path/Frameworks",
				);
				MARKETING_VERSION = 1.0;
				PRODUCT_BUNDLE_IDENTIFIER = com.hakantrkmn.GHFollowers;
				PRODUCT_NAME = "$(TARGET_NAME)";
				SUPPORTED_PLATFORMS = "iphoneos iphonesimulator";
				SUPPORTS_MACCATALYST = NO;
				SWIFT_EMIT_LOC_STRINGS = YES;
				SWIFT_VERSION = 5.0;
				TARGETED_DEVICE_FAMILY = 1;
			};
			name = Debug;
		};
		49639ABD2B3F19EB0032CC32 /* Release */ = {
			isa = XCBuildConfiguration;
			buildSettings = {
				ASSETCATALOG_COMPILER_APPICON_NAME = AppIcon;
				ASSETCATALOG_COMPILER_GLOBAL_ACCENT_COLOR_NAME = AccentColor;
				CODE_SIGN_STYLE = Automatic;
				CURRENT_PROJECT_VERSION = 1;
				DEVELOPMENT_TEAM = 9T7P7L9G6Z;
				GENERATE_INFOPLIST_FILE = YES;
				INFOPLIST_FILE = GHFollowers/Info.plist;
				INFOPLIST_KEY_LSApplicationCategoryType = "";
				INFOPLIST_KEY_UIApplicationSupportsIndirectInputEvents = YES;
				INFOPLIST_KEY_UILaunchStoryboardName = LaunchScreen;
				INFOPLIST_KEY_UISupportedInterfaceOrientations = "UIInterfaceOrientationLandscapeLeft UIInterfaceOrientationLandscapeRight UIInterfaceOrientationPortrait";
				INFOPLIST_KEY_UISupportedInterfaceOrientations_iPad = "UIInterfaceOrientationPortrait UIInterfaceOrientationPortraitUpsideDown";
				IPHONEOS_DEPLOYMENT_TARGET = 13.2;
				LD_RUNPATH_SEARCH_PATHS = (
					"$(inherited)",
					"@executable_path/Frameworks",
				);
				MARKETING_VERSION = 1.0;
				PRODUCT_BUNDLE_IDENTIFIER = com.hakantrkmn.GHFollowers;
				PRODUCT_NAME = "$(TARGET_NAME)";
				SUPPORTED_PLATFORMS = "iphoneos iphonesimulator";
				SUPPORTS_MACCATALYST = NO;
				SWIFT_EMIT_LOC_STRINGS = YES;
				SWIFT_VERSION = 5.0;
				TARGETED_DEVICE_FAMILY = 1;
			};
			name = Release;
		};
/* End XCBuildConfiguration section */

/* Begin XCConfigurationList section */
		49639AA22B3F19EA0032CC32 /* Build configuration list for PBXProject "GHFollowers" */ = {
			isa = XCConfigurationList;
			buildConfigurations = (
				49639AB92B3F19EB0032CC32 /* Debug */,
				49639ABA2B3F19EB0032CC32 /* Release */,
			);
			defaultConfigurationIsVisible = 0;
			defaultConfigurationName = Release;
		};
		49639ABB2B3F19EB0032CC32 /* Build configuration list for PBXNativeTarget "GHFollowers" */ = {
			isa = XCConfigurationList;
			buildConfigurations = (
				49639ABC2B3F19EB0032CC32 /* Debug */,
				49639ABD2B3F19EB0032CC32 /* Release */,
			);
			defaultConfigurationIsVisible = 0;
			defaultConfigurationName = Release;
		};
/* End XCConfigurationList section */

/* Begin XCRemoteSwiftPackageReference section */
		49639AC62B40413E0032CC32 /* XCRemoteSwiftPackageReference "SnapKit" */ = {
			isa = XCRemoteSwiftPackageReference;
			repositoryURL = "https://github.com/SnapKit/SnapKit.git";
			requirement = {
				kind = upToNextMajorVersion;
				minimumVersion = 5.6.0;
			};
		};
/* End XCRemoteSwiftPackageReference section */

/* Begin XCSwiftPackageProductDependency section */
		49639AC72B40413E0032CC32 /* SnapKit */ = {
			isa = XCSwiftPackageProductDependency;
			package = 49639AC62B40413E0032CC32 /* XCRemoteSwiftPackageReference "SnapKit" */;
			productName = SnapKit;
		};
		49639AC92B40413E0032CC32 /* SnapKit-Dynamic */ = {
			isa = XCSwiftPackageProductDependency;
			package = 49639AC62B40413E0032CC32 /* XCRemoteSwiftPackageReference "SnapKit" */;
			productName = "SnapKit-Dynamic";
		};
/* End XCSwiftPackageProductDependency section */
	};
	rootObject = 49639A9F2B3F19EA0032CC32 /* Project object */;
}
